# THIS IS AN AUTOGENERATED FILE. DO NOT EDIT THIS FILE DIRECTLY.
# yarn lockfile v1


"@datastructures-js/heap@^4.3.3":
  version "4.3.3"
  resolved "https://registry.yarnpkg.com/@datastructures-js/heap/-/heap-4.3.3.tgz#824c10f092ab03180702f0dea8ce96227ffe50a8"
  integrity sha512-UcUu/DLh/aM4W3C8zZfwxxm6/6FIZUlm3mcAXuNOCa6Aj4iizNvNXQyb8DjZQH2jKSQbMRyNlngP6TPimuGjpQ==

"@datastructures-js/priority-queue@^6.3.1":
  version "6.3.1"
  resolved "https://registry.yarnpkg.com/@datastructures-js/priority-queue/-/priority-queue-6.3.1.tgz#42971d509b457d8fbc42918f192d0ce7c6b2f5f3"
  integrity sha512-eoxkWql/j0VJ0UFMFTpnyJz4KbEEVQ6aZ/JuJUgenu0Im4tYKylAycNGsYCHGXiVNEd7OKGVwfx1Ac3oYkuu7A==
  dependencies:
    "@datastructures-js/heap" "^4.3.3"

"@datastructures-js/queue@^4.2.3":
  version "4.2.3"
  resolved "https://registry.yarnpkg.com/@datastructures-js/queue/-/queue-4.2.3.tgz#a63b155e2c1634c9b9d8fcd83969c7b3e143dff7"
  integrity sha512-GWVMorC/xi2V2ta+Z/CPgPGHL2ZJozcj48g7y2nIX5GIGZGRrbShSHgvMViJwHJurUzJYOdIdRZnWDRrROFwJA==

lodash@^4.17.21:
  version "4.17.21"
  resolved "https://registry.yarnpkg.com/lodash/-/lodash-4.17.21.tgz#679591c564c3bffaae8454cf0b3df370c3d6911c"
  integrity sha512-v2kDEe57lecTulaDIuNTPy3Ry4gLGJ6Z1O3vE1krgXZNrsQ+LFTGHVxVjcXPs17LhbZVGedAJv8XZ1tvj5FvSg==
